# This file is automatically @generated by Cargo.
# It is not intended for manual editing.
version = 4

[[package]]
name = "atom-causal-memory"
version = "0.1.0"
dependencies = [
 "atom-db",
]

[[package]]
name = "atom-db"
version = "0.1.0"
dependencies = [
 "atom-retrieval-field",
]

[[package]]
name = "atom-db-cli"
version = "0.1.0"
dependencies = [
 "atom-db",
]

[[package]]
name = "atom-retrieval-field"
version = "0.1.0"
